
Microsoft Visual Studio Solution File, Format Version 12.00
# Visual Studio 2012
Project("{FAE04EC0-301F-11D3-BF4B-00C04F79EFBC}") = "01.Shapes", "01.Shapes\01.Shapes.csproj", "{9C9EE1C8-FBB7-4D0B-940F-3A2857E19989}"
EndProject
Project("{FAE04EC0-301F-11D3-BF4B-00C04F79EFBC}") = "02.BankOfKurtovoKonare", "02.BankOfKurtovoKonare\02.BankOfKurtovoKonare.csproj", "{B65767D4-3264-431A-9676-EF5355CC2A8D}"
EndProject
Project("{FAE04EC0-301F-11D3-BF4B-00C04F79EFBC}") = "03.GameEngine-TheSlum", "03.GameEngine-TheSlum\03.GameEngine-TheSlum.csproj", "{ABFA5864-EDA6-4F6D-A0E9-15C853F76B6C}"
EndProject
Global
	GlobalSection(SolutionConfigurationPlatforms) = preSolution
		Debug|Any CPU = Debug|Any CPU
		Release|Any CPU = Release|Any CPU
	EndGlobalSection
	GlobalSection(ProjectConfigurationPlatforms) = postSolution
		{9C9EE1C8-FBB7-4D0B-940F-3A2857E19989}.Debug|Any CPU.ActiveCfg = Debug|Any CPU
		{9C9EE1C8-FBB7-4D0B-940F-3A2857E19989}.Debug|Any CPU.Build.0 = Debug|Any CPU
		{9C9EE1C8-FBB7-4D0B-940F-3A2857E19989}.Release|Any CPU.ActiveCfg = Release|Any CPU
		{9C9EE1C8-FBB7-4D0B-940F-3A2857E19989}.Release|Any CPU.Build.0 = Release|Any CPU
		{B65767D4-3264-431A-9676-EF5355CC2A8D}.Debug|Any CPU.ActiveCfg = Debug|Any CPU
		{B65767D4-3264-431A-9676-EF5355CC2A8D}.Debug|Any CPU.Build.0 = Debug|Any CPU
		{B65767D4-3264-431A-9676-EF5355CC2A8D}.Release|Any CPU.ActiveCfg = Release|Any CPU
		{B65767D4-3264-431A-9676-EF5355CC2A8D}.Release|Any CPU.Build.0 = Release|Any CPU
		{ABFA5864-EDA6-4F6D-A0E9-15C853F76B6C}.Debug|Any CPU.ActiveCfg = Debug|Any CPU
		{ABFA5864-EDA6-4F6D-A0E9-15C853F76B6C}.Debug|Any CPU.Build.0 = Debug|Any CPU
		{ABFA5864-EDA6-4F6D-A0E9-15C853F76B6C}.Release|Any CPU.ActiveCfg = Release|Any CPU
		{ABFA5864-EDA6-4F6D-A0E9-15C853F76B6C}.Release|Any CPU.Build.0 = Release|Any CPU
	EndGlobalSection
	GlobalSection(SolutionProperties) = preSolution
		HideSolutionNode = FALSE
	EndGlobalSection
EndGlobal
