
Microsoft Visual Studio Solution File, Format Version 12.00
# Visual Studio 2012
Project("{FAE04EC0-301F-11D3-BF4B-00C04F79EFBC}") = "01.Persons", "01.Persons\01.Persons.csproj", "{9E0C1B58-E251-4286-8F52-A66FF6C7C801}"
EndProject
Project("{FAE04EC0-301F-11D3-BF4B-00C04F79EFBC}") = "02.LaptopShop", "02.LaptopShop\02.LaptopShop.csproj", "{A32AF40F-EAA3-472E-A216-1470568F06BE}"
EndProject
Project("{FAE04EC0-301F-11D3-BF4B-00C04F79EFBC}") = "03.PCCatalog", "03.PCCatalog\03.PCCatalog.csproj", "{894C4AAC-4582-400D-83A0-41E186DD795A}"
EndProject
Project("{FAE04EC0-301F-11D3-BF4B-00C04F79EFBC}") = "04.SoftwareUniversityLearningSystem", "04.SoftwareUniversityLearningSystem\04.SoftwareUniversityLearningSystem.csproj", "{42069978-F2AE-414B-B835-60FBF7B24C33}"
EndProject
Global
	GlobalSection(SolutionConfigurationPlatforms) = preSolution
		Debug|Any CPU = Debug|Any CPU
		Release|Any CPU = Release|Any CPU
	EndGlobalSection
	GlobalSection(ProjectConfigurationPlatforms) = postSolution
		{9E0C1B58-E251-4286-8F52-A66FF6C7C801}.Debug|Any CPU.ActiveCfg = Debug|Any CPU
		{9E0C1B58-E251-4286-8F52-A66FF6C7C801}.Debug|Any CPU.Build.0 = Debug|Any CPU
		{9E0C1B58-E251-4286-8F52-A66FF6C7C801}.Release|Any CPU.ActiveCfg = Release|Any CPU
		{9E0C1B58-E251-4286-8F52-A66FF6C7C801}.Release|Any CPU.Build.0 = Release|Any CPU
		{A32AF40F-EAA3-472E-A216-1470568F06BE}.Debug|Any CPU.ActiveCfg = Debug|Any CPU
		{A32AF40F-EAA3-472E-A216-1470568F06BE}.Debug|Any CPU.Build.0 = Debug|Any CPU
		{A32AF40F-EAA3-472E-A216-1470568F06BE}.Release|Any CPU.ActiveCfg = Release|Any CPU
		{A32AF40F-EAA3-472E-A216-1470568F06BE}.Release|Any CPU.Build.0 = Release|Any CPU
		{894C4AAC-4582-400D-83A0-41E186DD795A}.Debug|Any CPU.ActiveCfg = Debug|Any CPU
		{894C4AAC-4582-400D-83A0-41E186DD795A}.Debug|Any CPU.Build.0 = Debug|Any CPU
		{894C4AAC-4582-400D-83A0-41E186DD795A}.Release|Any CPU.ActiveCfg = Release|Any CPU
		{894C4AAC-4582-400D-83A0-41E186DD795A}.Release|Any CPU.Build.0 = Release|Any CPU
		{42069978-F2AE-414B-B835-60FBF7B24C33}.Debug|Any CPU.ActiveCfg = Debug|Any CPU
		{42069978-F2AE-414B-B835-60FBF7B24C33}.Debug|Any CPU.Build.0 = Debug|Any CPU
		{42069978-F2AE-414B-B835-60FBF7B24C33}.Release|Any CPU.ActiveCfg = Release|Any CPU
		{42069978-F2AE-414B-B835-60FBF7B24C33}.Release|Any CPU.Build.0 = Release|Any CPU
	EndGlobalSection
	GlobalSection(SolutionProperties) = preSolution
		HideSolutionNode = FALSE
	EndGlobalSection
EndGlobal
