
Microsoft Visual Studio Solution File, Format Version 12.00
# Visual Studio 2012
Project("{FAE04EC0-301F-11D3-BF4B-00C04F79EFBC}") = "BoatRacingSimulator", "BoatRacingSimulator\BoatRacingSimulator.csproj", "{3A39D99D-2328-430F-B965-6A08D1169B82}"
EndProject
Project("{FAE04EC0-301F-11D3-BF4B-00C04F79EFBC}") = "BoatRacingSimulator.Tests", "BoatRacingSimulator.Tests\BoatRacingSimulator.Tests.csproj", "{B8D532CE-9CCA-491E-AC22-50451016D9EA}"
EndProject
Global
	GlobalSection(SolutionConfigurationPlatforms) = preSolution
		Debug|Any CPU = Debug|Any CPU
		Release|Any CPU = Release|Any CPU
	EndGlobalSection
	GlobalSection(ProjectConfigurationPlatforms) = postSolution
		{3A39D99D-2328-430F-B965-6A08D1169B82}.Debug|Any CPU.ActiveCfg = Debug|Any CPU
		{3A39D99D-2328-430F-B965-6A08D1169B82}.Debug|Any CPU.Build.0 = Debug|Any CPU
		{3A39D99D-2328-430F-B965-6A08D1169B82}.Release|Any CPU.ActiveCfg = Release|Any CPU
		{3A39D99D-2328-430F-B965-6A08D1169B82}.Release|Any CPU.Build.0 = Release|Any CPU
		{B8D532CE-9CCA-491E-AC22-50451016D9EA}.Debug|Any CPU.ActiveCfg = Debug|Any CPU
		{B8D532CE-9CCA-491E-AC22-50451016D9EA}.Debug|Any CPU.Build.0 = Debug|Any CPU
		{B8D532CE-9CCA-491E-AC22-50451016D9EA}.Release|Any CPU.ActiveCfg = Release|Any CPU
		{B8D532CE-9CCA-491E-AC22-50451016D9EA}.Release|Any CPU.Build.0 = Release|Any CPU
	EndGlobalSection
	GlobalSection(SolutionProperties) = preSolution
		HideSolutionNode = FALSE
	EndGlobalSection
EndGlobal
