
Microsoft Visual Studio Solution File, Format Version 12.00
# Visual Studio 2012
Project("{FAE04EC0-301F-11D3-BF4B-00C04F79EFBC}") = "01.FootballLeague", "01.FootballLeague\01.FootballLeague.csproj", "{5095EC75-9F31-40A4-835D-39A084055BEA}"
EndProject
Global
	GlobalSection(SolutionConfigurationPlatforms) = preSolution
		Debug|Any CPU = Debug|Any CPU
		Release|Any CPU = Release|Any CPU
	EndGlobalSection
	GlobalSection(ProjectConfigurationPlatforms) = postSolution
		{5095EC75-9F31-40A4-835D-39A084055BEA}.Debug|Any CPU.ActiveCfg = Debug|Any CPU
		{5095EC75-9F31-40A4-835D-39A084055BEA}.Debug|Any CPU.Build.0 = Debug|Any CPU
		{5095EC75-9F31-40A4-835D-39A084055BEA}.Release|Any CPU.ActiveCfg = Release|Any CPU
		{5095EC75-9F31-40A4-835D-39A084055BEA}.Release|Any CPU.Build.0 = Release|Any CPU
	EndGlobalSection
	GlobalSection(SolutionProperties) = preSolution
		HideSolutionNode = FALSE
	EndGlobalSection
EndGlobal
